
Microsoft Visual Studio Solution File, Format Version 12.00
# Visual Studio Version 16
VisualStudioVersion = 16.0.29509.3
MinimumVisualStudioVersion = 10.0.40219.1
Project("{FAE04EC0-301F-11D3-BF4B-00C04F79EFBC}") = "NumberGuesser", "NumberGuesser\NumberGuesser.csproj", "{719B9844-B334-4DAA-B58B-B02D73850910}"
EndProject
Global
	GlobalSection(SolutionConfigurationPlatforms) = preSolution
		Debug|Any CPU = Debug|Any CPU
		Release|Any CPU = Release|Any CPU
	EndGlobalSection
	GlobalSection(ProjectConfigurationPlatforms) = postSolution
		{719B9844-B334-4DAA-B58B-B02D73850910}.Debug|Any CPU.ActiveCfg = Debug|Any CPU
		{719B9844-B334-4DAA-B58B-B02D73850910}.Debug|Any CPU.Build.0 = Debug|Any CPU
		{719B9844-B334-4DAA-B58B-B02D73850910}.Release|Any CPU.ActiveCfg = Release|Any CPU
		{719B9844-B334-4DAA-B58B-B02D73850910}.Release|Any CPU.Build.0 = Release|Any CPU
	EndGlobalSection
	GlobalSection(SolutionProperties) = preSolution
		HideSolutionNode = FALSE
	EndGlobalSection
	GlobalSection(ExtensibilityGlobals) = postSolution
		SolutionGuid = {D0E48CBF-6F53-45C4-9E7E-056AB924A068}
	EndGlobalSection
EndGlobal
